
Microsoft Visual Studio Solution File, Format Version 12.00
# Visual Studio Version 17
VisualStudioVersion = 17.14.36301.6
MinimumVisualStudioVersion = 10.0.40219.1
Project("{2150E333-8FDC-42A3-9474-1A3956D46DE8}") = "1. Presentation", "1. Presentation", "{02EA681E-C7D8-13C7-8484-4AC65E1B71E8}"
EndProject
Project("{2150E333-8FDC-42A3-9474-1A3956D46DE8}") = "2. Domain", "2. Domain", "{3D0B001C-124D-4AE7-A5E3-9AAAF9B29C31}"
EndProject
Project("{2150E333-8FDC-42A3-9474-1A3956D46DE8}") = "3. DataAccess", "3. DataAccess", "{47892039-0F29-4D6F-A10A-D715B5F8516E}"
EndProject
Project("{FAE04EC0-301F-11D3-BF4B-00C04F79EFBC}") = "NorthwindAdmin", "NorthwindAdmin\NorthwindAdmin.csproj", "{C0AEB576-34DB-4D30-BC0E-EAA0BB5C713C}"
EndProject
Project("{FAE04EC0-301F-11D3-BF4B-00C04F79EFBC}") = "DataAccess", "DataAccess\DataAccess.csproj", "{5A442A71-ED90-46E7-8BC9-65161FD20CD4}"
EndProject
Project("{FAE04EC0-301F-11D3-BF4B-00C04F79EFBC}") = "Domain", "Domain\Domain\Domain.csproj", "{A9DB4989-F794-4560-80D4-12617C294A82}"
EndProject
Global
	GlobalSection(SolutionConfigurationPlatforms) = preSolution
		Debug|Any CPU = Debug|Any CPU
		Release|Any CPU = Release|Any CPU
	EndGlobalSection
	GlobalSection(ProjectConfigurationPlatforms) = postSolution
		{C0AEB576-34DB-4D30-BC0E-EAA0BB5C713C}.Debug|Any CPU.ActiveCfg = Debug|Any CPU
		{C0AEB576-34DB-4D30-BC0E-EAA0BB5C713C}.Debug|Any CPU.Build.0 = Debug|Any CPU
		{C0AEB576-34DB-4D30-BC0E-EAA0BB5C713C}.Release|Any CPU.ActiveCfg = Release|Any CPU
		{C0AEB576-34DB-4D30-BC0E-EAA0BB5C713C}.Release|Any CPU.Build.0 = Release|Any CPU
		{5A442A71-ED90-46E7-8BC9-65161FD20CD4}.Debug|Any CPU.ActiveCfg = Debug|Any CPU
		{5A442A71-ED90-46E7-8BC9-65161FD20CD4}.Debug|Any CPU.Build.0 = Debug|Any CPU
		{5A442A71-ED90-46E7-8BC9-65161FD20CD4}.Release|Any CPU.ActiveCfg = Release|Any CPU
		{5A442A71-ED90-46E7-8BC9-65161FD20CD4}.Release|Any CPU.Build.0 = Release|Any CPU
		{A9DB4989-F794-4560-80D4-12617C294A82}.Debug|Any CPU.ActiveCfg = Debug|Any CPU
		{A9DB4989-F794-4560-80D4-12617C294A82}.Debug|Any CPU.Build.0 = Debug|Any CPU
		{A9DB4989-F794-4560-80D4-12617C294A82}.Release|Any CPU.ActiveCfg = Release|Any CPU
		{A9DB4989-F794-4560-80D4-12617C294A82}.Release|Any CPU.Build.0 = Release|Any CPU
	EndGlobalSection
	GlobalSection(SolutionProperties) = preSolution
		HideSolutionNode = FALSE
	EndGlobalSection
	GlobalSection(NestedProjects) = preSolution
		{C0AEB576-34DB-4D30-BC0E-EAA0BB5C713C} = {02EA681E-C7D8-13C7-8484-4AC65E1B71E8}
		{5A442A71-ED90-46E7-8BC9-65161FD20CD4} = {47892039-0F29-4D6F-A10A-D715B5F8516E}
		{A9DB4989-F794-4560-80D4-12617C294A82} = {3D0B001C-124D-4AE7-A5E3-9AAAF9B29C31}
	EndGlobalSection
	GlobalSection(ExtensibilityGlobals) = postSolution
		SolutionGuid = {F41B4CFB-9670-4E73-BB63-B29F9639A0C9}
	EndGlobalSection
EndGlobal
